
Microsoft Visual Studio Solution File, Format Version 12.00
# Visual Studio 15
VisualStudioVersion = 15.0.27703.2026
MinimumVisualStudioVersion = 10.0.40219.1
Project("{FAE04EC0-301F-11D3-BF4B-00C04F79EFBC}") = "SistemaLoja", "..\SistemaLoja\SistemaLoja\SistemaLoja.csproj", "{ADA854D8-4C5A-481C-BE62-31EF8260B7DD}"
EndProject
Global
	GlobalSection(SolutionConfigurationPlatforms) = preSolution
		Debug|Any CPU = Debug|Any CPU
		Release|Any CPU = Release|Any CPU
	EndGlobalSection
	GlobalSection(ProjectConfigurationPlatforms) = postSolution
		{ADA854D8-4C5A-481C-BE62-31EF8260B7DD}.Debug|Any CPU.ActiveCfg = Debug|Any CPU
		{ADA854D8-4C5A-481C-BE62-31EF8260B7DD}.Debug|Any CPU.Build.0 = Debug|Any CPU
		{ADA854D8-4C5A-481C-BE62-31EF8260B7DD}.Release|Any CPU.ActiveCfg = Release|Any CPU
		{ADA854D8-4C5A-481C-BE62-31EF8260B7DD}.Release|Any CPU.Build.0 = Release|Any CPU
	EndGlobalSection
	GlobalSection(SolutionProperties) = preSolution
		HideSolutionNode = FALSE
	EndGlobalSection
	GlobalSection(ExtensibilityGlobals) = postSolution
		SolutionGuid = {8B74CF43-3CCD-4AF3-8A4A-D76F13AEF11E}
	EndGlobalSection
EndGlobal
